
Microsoft Visual Studio Solution File, Format Version 12.00
# 
Project("{FAE04EC0-301F-11D3-BF4B-00C04F79EFBC}") = "API", "API\API.csproj", "{041544E0-0920-4879-BDA1-DC5CF825FAD7}"
EndProject
Global
	GlobalSection(SolutionConfigurationPlatforms) = preSolution
		Debug|Any CPU = Debug|Any CPU
		Release|Any CPU = Release|Any CPU
	EndGlobalSection
	GlobalSection(ProjectConfigurationPlatforms) = postSolution
		{041544E0-0920-4879-BDA1-DC5CF825FAD7}.Debug|Any CPU.ActiveCfg = Debug|Any CPU
		{041544E0-0920-4879-BDA1-DC5CF825FAD7}.Debug|Any CPU.Build.0 = Debug|Any CPU
		{041544E0-0920-4879-BDA1-DC5CF825FAD7}.Release|Any CPU.ActiveCfg = Release|Any CPU
		{041544E0-0920-4879-BDA1-DC5CF825FAD7}.Release|Any CPU.Build.0 = Release|Any CPU
	EndGlobalSection
EndGlobal
